
Microsoft Visual Studio Solution File, Format Version 12.00
# Visual Studio Version 16
VisualStudioVersion = 16.0.30907.101
MinimumVisualStudioVersion = 10.0.40219.1
Project("{FAE04EC0-301F-11D3-BF4B-00C04F79EFBC}") = "MasterServer", "MasterServer\MasterServer.csproj", "{FD141F02-2872-4AE8-B5BA-795295E9299C}"
EndProject
Global
	GlobalSection(SolutionConfigurationPlatforms) = preSolution
		Debug|Any CPU = Debug|Any CPU
		Release|Any CPU = Release|Any CPU
	EndGlobalSection
	GlobalSection(ProjectConfigurationPlatforms) = postSolution
		{FD141F02-2872-4AE8-B5BA-795295E9299C}.Debug|Any CPU.ActiveCfg = Debug|Any CPU
		{FD141F02-2872-4AE8-B5BA-795295E9299C}.Debug|Any CPU.Build.0 = Debug|Any CPU
		{FD141F02-2872-4AE8-B5BA-795295E9299C}.Release|Any CPU.ActiveCfg = Release|Any CPU
		{FD141F02-2872-4AE8-B5BA-795295E9299C}.Release|Any CPU.Build.0 = Release|Any CPU
	EndGlobalSection
	GlobalSection(SolutionProperties) = preSolution
		HideSolutionNode = FALSE
	EndGlobalSection
	GlobalSection(ExtensibilityGlobals) = postSolution
		SolutionGuid = {BD136522-3CD8-4CB9-82C1-1334E55E7EAF}
	EndGlobalSection
EndGlobal
